
Microsoft Visual Studio Solution File, Format Version 12.00
# Visual Studio Version 17
VisualStudioVersion = 17.3.32728.150
MinimumVisualStudioVersion = 10.0.40219.1
Project("{9A19103F-16F7-4668-BE54-9A1E7A4F7556}") = "JobAssistant", "JobAssistant\JobAssistant.csproj", "{4D07E3A2-7470-40DA-B21F-CAE15491B4D4}"
EndProject
Project("{FAE04EC0-301F-11D3-BF4B-00C04F79EFBC}") = "JobAssistant.Tests", "JobAssistant.Tests\JobAssistant.Tests.csproj", "{A23A8CF6-0EB9-4C65-B2CD-473C815406ED}"
EndProject
Global
	GlobalSection(SolutionConfigurationPlatforms) = preSolution
		Debug|Any CPU = Debug|Any CPU
		Release|Any CPU = Release|Any CPU
	EndGlobalSection
	GlobalSection(ProjectConfigurationPlatforms) = postSolution
		{4D07E3A2-7470-40DA-B21F-CAE15491B4D4}.Debug|Any CPU.ActiveCfg = Debug|Any CPU
		{4D07E3A2-7470-40DA-B21F-CAE15491B4D4}.Debug|Any CPU.Build.0 = Debug|Any CPU
		{4D07E3A2-7470-40DA-B21F-CAE15491B4D4}.Release|Any CPU.ActiveCfg = Release|Any CPU
		{4D07E3A2-7470-40DA-B21F-CAE15491B4D4}.Release|Any CPU.Build.0 = Release|Any CPU
		{A23A8CF6-0EB9-4C65-B2CD-473C815406ED}.Debug|Any CPU.ActiveCfg = Debug|Any CPU
		{A23A8CF6-0EB9-4C65-B2CD-473C815406ED}.Debug|Any CPU.Build.0 = Debug|Any CPU
		{A23A8CF6-0EB9-4C65-B2CD-473C815406ED}.Release|Any CPU.ActiveCfg = Release|Any CPU
		{A23A8CF6-0EB9-4C65-B2CD-473C815406ED}.Release|Any CPU.Build.0 = Release|Any CPU
	EndGlobalSection
	GlobalSection(SolutionProperties) = preSolution
		HideSolutionNode = FALSE
	EndGlobalSection
	GlobalSection(ExtensibilityGlobals) = postSolution
		SolutionGuid = {4801A428-B1BF-40E6-BF17-6471D93C7D5C}
	EndGlobalSection
EndGlobal
